{
  "name": "province-map",
  "version": "1.0.0",
  "lockfileVersion": 1,
  "requires": true,
  "dependencies": {
    "debug": {
      "version": "2.6.9",
      "resolved": "http://npm.zmops.cc/debug/-/debug-2.6.9.tgz",
      "integrity": "sha1-XRKFFd8TT/Mn6QpMk/Tgd6U2NB8=",
      "requires": {
        "ms": "2.0.0"
      }
    },
    "jsonp": {
      "version": "0.2.1",
      "resolved": "http://npm.zmops.cc/jsonp/-/jsonp-0.2.1.tgz",
      "integrity": "sha1-pltPoPEL2nGaBUQep7lMVfPhW64=",
      "requires": {
        "debug": "^2.1.3"
      }
    },
    "ms": {
      "version": "2.0.0",
      "resolved": "http://npm.zmops.cc/ms/-/ms-2.0.0.tgz",
      "integrity": "sha1-VgiurfwAvmwpAd9fmGF4jeDVl8g="
    },
    "pinyin4js": {
      "version": "1.3.6",
      "resolved": "http://npm.zmops.cc/pinyin4js/-/pinyin4js-1.3.6.tgz",
      "integrity": "sha1-fiF0buYv4u/LGtXkv46kPK5QfB8="
    },
    "whatwg-fetch": {
      "version": "3.0.0",
      "resolved": "http://npm.zmops.cc/whatwg-fetch/-/whatwg-fetch-3.0.0.tgz",
      "integrity": "sha1-/IBORYzEYACbGiuWa8iBfSV4rvs="
    }
  }
}
